<?xml version="1.0" encoding="utf-8"?>
<Project ToolsVersion="4.0" xmlns="http://schemas.microsoft.com/developer/msbuild/2003">
  <ItemGroup>
    <Filter Include="源文件">
      <UniqueIdentifier>{4FC737F1-C7A5-4376-A066-2A32D752A2FF}</UniqueIdentifier>
      <Extensions>cpp;c;cc;cxx;def;odl;idl;hpj;bat;asm;asmx</Extensions>
    </Filter>
    <Filter Include="头文件">
      <UniqueIdentifier>{93995380-89BD-4b04-88EB-625FBE52EBFB}</UniqueIdentifier>
      <Extensions>h;hh;hpp;hxx;hm;inl;inc;xsd</Extensions>
    </Filter>
    <Filter Include="资源文件">
      <UniqueIdentifier>{67DA6AB6-F800-4c08-8B7A-83BB121AAD01}</UniqueIdentifier>
      <Extensions>rc;ico;cur;bmp;dlg;rc2;rct;bin;rgs;gif;jpg;jpeg;jpe;resx;tiff;tif;png;wav;mfcribbon-ms</Extensions>
    </Filter>
    <Filter Include="ImageFunction">
      <UniqueIdentifier>{56f9f3f5-fb38-4942-a874-8c9dc06181dd}</UniqueIdentifier>
    </Filter>
    <Filter Include="xmlFunction">
      <UniqueIdentifier>{1d279c62-07b7-4cc8-b86a-266a293c28ba}</UniqueIdentifier>
    </Filter>
    <Filter Include="tinyxml">
      <UniqueIdentifier>{6d6f71b5-284e-4976-b396-024f92e60098}</UniqueIdentifier>
    </Filter>
    <Filter Include="DirFunction">
      <UniqueIdentifier>{222a64c9-d0a4-4af8-af50-16b84c4ac8bc}</UniqueIdentifier>
    </Filter>
  </ItemGroup>
  <ItemGroup>
    <Text Include="ReadMe.txt" />
  </ItemGroup>
  <ItemGroup>
    <ClInclude Include="stdafx.h">
      <Filter>头文件</Filter>
    </ClInclude>
    <ClInclude Include="targetver.h">
      <Filter>头文件</Filter>
    </ClInclude>
    <ClInclude Include="ImageFunction\imageFunction_gdiplus.h">
      <Filter>ImageFunction</Filter>
    </ClInclude>
    <ClInclude Include="xmlFunction\xmlFunction.h">
      <Filter>xmlFunction</Filter>
    </ClInclude>
    <ClInclude Include="tinyxml\tinystr.h">
      <Filter>tinyxml</Filter>
    </ClInclude>
    <ClInclude Include="tinyxml\tinyxml.h">
      <Filter>tinyxml</Filter>
    </ClInclude>
    <ClInclude Include="DirFunction\DirFunction.h">
      <Filter>DirFunction</Filter>
    </ClInclude>
    <ClInclude Include="imageTestDemo.h">
      <Filter>头文件</Filter>
    </ClInclude>
  </ItemGroup>
  <ItemGroup>
    <ClCompile Include="stdafx.cpp">
      <Filter>源文件</Filter>
    </ClCompile>
    <ClCompile Include="FunctionTest.cpp">
      <Filter>源文件</Filter>
    </ClCompile>
    <ClCompile Include="ImageFunction\imageFunction_gdiplus.cpp">
      <Filter>ImageFunction</Filter>
    </ClCompile>
    <ClCompile Include="xmlFunction\xmlFunction.cpp">
      <Filter>xmlFunction</Filter>
    </ClCompile>
    <ClCompile Include="tinyxml\tinystr.cpp">
      <Filter>tinyxml</Filter>
    </ClCompile>
    <ClCompile Include="tinyxml\tinyxml.cpp">
      <Filter>tinyxml</Filter>
    </ClCompile>
    <ClCompile Include="tinyxml\tinyxmlerror.cpp">
      <Filter>tinyxml</Filter>
    </ClCompile>
    <ClCompile Include="tinyxml\tinyxmlparser.cpp">
      <Filter>tinyxml</Filter>
    </ClCompile>
    <ClCompile Include="DirFunction\DirFunction.cpp">
      <Filter>DirFunction</Filter>
    </ClCompile>
    <ClCompile Include="imageTestDemo.cpp">
      <Filter>源文件</Filter>
    </ClCompile>
  </ItemGroup>
</Project>